// !$*UTF8*$!
{
	archiveVersion = 1;
	classes = {
	};
	objectVersion = 50;
	objects = {

/* Begin PBXBuildFile section */
		BA0A4511225E1EB100CBEC1C /* AppDelegate.m in Sources */ = {isa = PBXBuildFile; fileRef = BA0A4510225E1EB100CBEC1C /* AppDelegate.m */; };
		BA0A4513225E1ED300CBEC1C /* Assets.xcassets in Resources */ = {isa = PBXBuildFile; fileRef = BA0A4512225E1ED300CBEC1C /* Assets.xcassets */; };
		BA0A4516225E1ED300CBEC1C /* MainMenu.xib in Resources */ = {isa = PBXBuildFile; fileRef = BA0A4514225E1ED300CBEC1C /* MainMenu.xib */; };
		BA0A4519225E1ED300CBEC1C /* main.m in Sources */ = {isa = PBXBuildFile; fileRef = BA0A4518225E1ED300CBEC1C /* main.m */; };
		BA0A4521225E1F7100CBEC1C /* CalculatorFile.m in Sources */ = {isa = PBXBuildFile; fileRef = BA0A4520225E1F7100CBEC1C /* CalculatorFile.m */; };
/* End PBXBuildFile section */

/* Begin PBXFileReference section */
		BA0A450C225E1EB100CBEC1C /* CalculatorCategory.app */ = {isa = PBXFileReference; explicitFileType = wrapper.application; includeInIndex = 0; path = CalculatorCategory.app; sourceTree = BUILT_PRODUCTS_DIR; };
		BA0A450F225E1EB100CBEC1C /* AppDelegate.h */ = {isa = PBXFileReference; lastKnownFileType = sourcecode.c.h; path = AppDelegate.h; sourceTree = "<group>"; };
		BA0A4510225E1EB100CBEC1C /* AppDelegate.m */ = {isa = PBXFileReference; lastKnownFileType = sourcecode.c.objc; path = AppDelegate.m; sourceTree = "<group>"; };
		BA0A4512225E1ED300CBEC1C /* Assets.xcassets */ = {isa = PBXFileReference; lastKnownFileType = folder.assetcatalog; path = Assets.xcassets; sourceTree = "<group>"; };
		BA0A4515225E1ED300CBEC1C /* Base */ = {isa = PBXFileReference; lastKnownFileType = file.xib; name = Base; path = Base.lproj/MainMenu.xib; sourceTree = "<group>"; };
		BA0A4517225E1ED300CBEC1C /* Info.plist */ = {isa = PBXFileReference; lastKnownFileType = text.plist.xml; path = Info.plist; sourceTree = "<group>"; };
		BA0A4518225E1ED300CBEC1C /* main.m */ = {isa = PBXFileReference; lastKnownFileType = sourcecode.c.objc; path = main.m; sourceTree = "<group>"; };
		BA0A451A225E1ED300CBEC1C /* CalculatorCategory.entitlements */ = {isa = PBXFileReference; lastKnownFileType = text.plist.entitlements; path = CalculatorCategory.entitlements; sourceTree = "<group>"; };
		BA0A4520225E1F7100CBEC1C /* CalculatorFile.m */ = {isa = PBXFileReference; lastKnownFileType = sourcecode.c.objc; path = CalculatorFile.m; sourceTree = "<group>"; };
/* End PBXFileReference section */

/* Begin PBXFrameworksBuildPhase section */
		BA0A4509225E1EB100CBEC1C /* Frameworks */ = {
			isa = PBXFrameworksBuildPhase;
			buildActionMask = 2147483647;
			files = (
			);
			runOnlyForDeploymentPostprocessing = 0;
		};
/* End PBXFrameworksBuildPhase section */

/* Begin PBXGroup section */
		BA0A4503225E1EB100CBEC1C = {
			isa = PBXGroup;
			children = (
				BA0A450E225E1EB100CBEC1C /* CalculatorCategory */,
				BA0A450D225E1EB100CBEC1C /* Products */,
			);
			sourceTree = "<group>";
		};
		BA0A450D225E1EB100CBEC1C /* Products */ = {
			isa = PBXGroup;
			children = (
				BA0A450C225E1EB100CBEC1C /* CalculatorCategory.app */,
			);
			name = Products;
			sourceTree = "<group>";
		};
		BA0A450E225E1EB100CBEC1C /* CalculatorCategory */ = {
			isa = PBXGroup;
			children = (
				BA0A450F225E1EB100CBEC1C /* AppDelegate.h */,
				BA0A4510225E1EB100CBEC1C /* AppDelegate.m */,
				BA0A4512225E1ED300CBEC1C /* Assets.xcassets */,
				BA0A4514225E1ED300CBEC1C /* MainMenu.xib */,
				BA0A4517225E1ED300CBEC1C /* Info.plist */,
				BA0A4518225E1ED300CBEC1C /* main.m */,
				BA0A451A225E1ED300CBEC1C /* CalculatorCategory.entitlements */,
				BA0A4520225E1F7100CBEC1C /* CalculatorFile.m */,
			);
			path = CalculatorCategory;
			sourceTree = "<group>";
		};
/* End PBXGroup section */

/* Begin PBXNativeTarget section */
		BA0A450B225E1EB100CBEC1C /* CalculatorCategory */ = {
			isa = PBXNativeTarget;
			buildConfigurationList = BA0A451D225E1ED300CBEC1C /* Build configuration list for PBXNativeTarget "CalculatorCategory" */;
			buildPhases = (
				BA0A4508225E1EB100CBEC1C /* Sources */,
				BA0A4509225E1EB100CBEC1C /* Frameworks */,
				BA0A450A225E1EB100CBEC1C /* Resources */,
			);
			buildRules = (
			);
			dependencies = (
			);
			name = CalculatorCategory;
			productName = CalculatorCategory;
			productReference = BA0A450C225E1EB100CBEC1C /* CalculatorCategory.app */;
			productType = "com.apple.product-type.application";
		};
/* End PBXNativeTarget section */

/* Begin PBXProject section */
		BA0A4504225E1EB100CBEC1C /* Project object */ = {
			isa = PBXProject;
			attributes = {
				LastUpgradeCheck = 0930;
				ORGANIZATIONNAME = "Esraa And Passant";
				TargetAttributes = {
					BA0A450B225E1EB100CBEC1C = {
						CreatedOnToolsVersion = 9.3;
					};
				};
			};
			buildConfigurationList = BA0A4507225E1EB100CBEC1C /* Build configuration list for PBXProject "CalculatorCategory" */;
			compatibilityVersion = "Xcode 9.3";
			developmentRegion = en;
			hasScannedForEncodings = 0;
			knownRegions = (
				en,
				Base,
			);
			mainGroup = BA0A4503225E1EB100CBEC1C;
			productRefGroup = BA0A450D225E1EB100CBEC1C /* Products */;
			projectDirPath = "";
			projectRoot = "";
			targets = (
				BA0A450B225E1EB100CBEC1C /* CalculatorCategory */,
			);
		};
/* End PBXProject section */

/* Begin PBXResourcesBuildPhase section */
		BA0A450A225E1EB100CBEC1C /* Resources */ = {
			isa = PBXResourcesBuildPhase;
			buildActionMask = 2147483647;
			files = (
				BA0A4513225E1ED300CBEC1C /* Assets.xcassets in Resources */,
				BA0A4516225E1ED300CBEC1C /* MainMenu.xib in Resources */,
			);
			runOnlyForDeploymentPostprocessing = 0;
		};
/* End PBXResourcesBuildPhase section */

/* Begin PBXSourcesBuildPhase section */
		BA0A4508225E1EB100CBEC1C /* Sources */ = {
			isa = PBXSourcesBuildPhase;
			buildActionMask = 2147483647;
			files = (
				BA0A4521225E1F7100CBEC1C /* CalculatorFile.m in Sources */,
				BA0A4519225E1ED300CBEC1C /* main.m in Sources */,
				BA0A4511225E1EB100CBEC1C /* AppDelegate.m in Sources */,
			);
			runOnlyForDeploymentPostprocessing = 0;
		};
/* End PBXSourcesBuildPhase section */

/* Begin PBXVariantGroup section */
		BA0A4514225E1ED300CBEC1C /* MainMenu.xib */ = {
			isa = PBXVariantGroup;
			children = (
				BA0A4515225E1ED300CBEC1C /* Base */,
			);
			name = MainMenu.xib;
			sourceTree = "<group>";
		};
/* End PBXVariantGroup section */

/* Begin XCBuildConfiguration section */
		BA0A451B225E1ED300CBEC1C /* Debug */ = {
			isa = XCBuildConfiguration;
			buildSettings = {
				ALWAYS_SEARCH_USER_PATHS = NO;
				CLANG_ANALYZER_NONNULL = YES;
				CLANG_ANALYZER_NUMBER_OBJECT_CONVERSION = YES_AGGRESSIVE;
				CLANG_CXX_LANGUAGE_STANDARD = "gnu++14";
				CLANG_CXX_LIBRARY = "libc++";
				CLANG_ENABLE_MODULES = YES;
				CLANG_ENABLE_OBJC_ARC = YES;
				CLANG_ENABLE_OBJC_WEAK = YES;
				CLANG_WARN_BLOCK_CAPTURE_AUTORELEASING = YES;
				CLANG_WARN_BOOL_CONVERSION = YES;
				CLANG_WARN_COMMA = YES;
				CLANG_WARN_CONSTANT_CONVERSION = YES;
				CLANG_WARN_DEPRECATED_OBJC_IMPLEMENTATIONS = YES;
				CLANG_WARN_DIRECT_OBJC_ISA_USAGE = YES_ERROR;
				CLANG_WARN_DOCUMENTATION_COMMENTS = YES;
				CLANG_WARN_EMPTY_BODY = YES;
				CLANG_WARN_ENUM_CONVERSION = YES;
				CLANG_WARN_INFINITE_RECURSION = YES;
				CLANG_WARN_INT_CONVERSION = YES;
				CLANG_WARN_NON_LITERAL_NULL_CONVERSION = YES;
				CLANG_WARN_OBJC_IMPLICIT_RETAIN_SELF = YES;
				CLANG_WARN_OBJC_LITERAL_CONVERSION = YES;
				CLANG_WARN_OBJC_ROOT_CLASS = YES_ERROR;
				CLANG_WARN_RANGE_LOOP_ANALYSIS = YES;
				CLANG_WARN_STRICT_PROTOTYPES = YES;
				CLANG_WARN_SUSPICIOUS_MOVE = YES;
				CLANG_WARN_UNGUARDED_AVAILABILITY = YES_AGGRESSIVE;
				CLANG_WARN_UNREACHABLE_CODE = YES;
				CLANG_WARN__DUPLICATE_METHOD_MATCH = YES;
				CODE_SIGN_IDENTITY = "-";
				COPY_PHASE_STRIP = NO;
				DEBUG_INFORMATION_FORMAT = dwarf;
				ENABLE_STRICT_OBJC_MSGSEND = YES;
				ENABLE_TESTABILITY = YES;
				GCC_C_LANGUAGE_STANDARD = gnu11;
				GCC_DYNAMIC_NO_PIC = NO;
				GCC_NO_COMMON_BLOCKS = YES;
				GCC_OPTIMIZATION_LEVEL = 0;
				GCC_PREPROCESSOR_DEFINITIONS = (
					"DEBUG=1",
					"$(inherited)",
				);
				GCC_WARN_64_TO_32_BIT_CONVERSION = YES;
				GCC_WARN_ABOUT_RETURN_TYPE = YES_ERROR;
				GCC_WARN_UNDECLARED_SELECTOR = YES;
				GCC_WARN_UNINITIALIZED_AUTOS = YES_AGGRESSIVE;
				GCC_WARN_UNUSED_FUNCTION = YES;
				GCC_WARN_UNUSED_VARIABLE = YES;
				MACOSX_DEPLOYMENT_TARGET = 10.13;
				MTL_ENABLE_DEBUG_INFO = YES;
				ONLY_ACTIVE_ARCH = YES;
				SDKROOT = macosx;
			};
			name = Debug;
		};
		BA0A451C225E1ED300CBEC1C /* Release */ = {
			isa = XCBuildConfiguration;
			buildSettings = {
				ALWAYS_SEARCH_USER_PATHS = NO;
				CLANG_ANALYZER_NONNULL = YES;
				CLANG_ANALYZER_NUMBER_OBJECT_CONVERSION = YES_AGGRESSIVE;
				CLANG_CXX_LANGUAGE_STANDARD = "gnu++14";
				CLANG_CXX_LIBRARY = "libc++";
				CLANG_ENABLE_MODULES = YES;
				CLANG_ENABLE_OBJC_ARC = YES;
				CLANG_ENABLE_OBJC_WEAK = YES;
				CLANG_WARN_BLOCK_CAPTURE_AUTORELEASING = YES;
				CLANG_WARN_BOOL_CONVERSION = YES;
				CLANG_WARN_COMMA = YES;
				CLANG_WARN_CONSTANT_CONVERSION = YES;
				CLANG_WARN_DEPRECATED_OBJC_IMPLEMENTATIONS = YES;
				CLANG_WARN_DIRECT_OBJC_ISA_USAGE = YES_ERROR;
				CLANG_WARN_DOCUMENTATION_COMMENTS = YES;
				CLANG_WARN_EMPTY_BODY = YES;
				CLANG_WARN_ENUM_CONVERSION = YES;
				CLANG_WARN_INFINITE_RECURSION = YES;
				CLANG_WARN_INT_CONVERSION = YES;
				CLANG_WARN_NON_LITERAL_NULL_CONVERSION = YES;
				CLANG_WARN_OBJC_IMPLICIT_RETAIN_SELF = YES;
				CLANG_WARN_OBJC_LITERAL_CONVERSION = YES;
				CLANG_WARN_OBJC_ROOT_CLASS = YES_ERROR;
				CLANG_WARN_RANGE_LOOP_ANALYSIS = YES;
				CLANG_WARN_STRICT_PROTOTYPES = YES;
				CLANG_WARN_SUSPICIOUS_MOVE = YES;
				CLANG_WARN_UNGUARDED_AVAILABILITY = YES_AGGRESSIVE;
				CLANG_WARN_UNREACHABLE_CODE = YES;
				CLANG_WARN__DUPLICATE_METHOD_MATCH = YES;
				CODE_SIGN_IDENTITY = "-";
				COPY_PHASE_STRIP = NO;
				DEBUG_INFORMATION_FORMAT = "dwarf-with-dsym";
				ENABLE_NS_ASSERTIONS = NO;
				ENABLE_STRICT_OBJC_MSGSEND = YES;
				GCC_C_LANGUAGE_STANDARD = gnu11;
				GCC_NO_COMMON_BLOCKS = YES;
				GCC_WARN_64_TO_32_BIT_CONVERSION = YES;
				GCC_WARN_ABOUT_RETURN_TYPE = YES_ERROR;
				GCC_WARN_UNDECLARED_SELECTOR = YES;
				GCC_WARN_UNINITIALIZED_AUTOS = YES_AGGRESSIVE;
				GCC_WARN_UNUSED_FUNCTION = YES;
				GCC_WARN_UNUSED_VARIABLE = YES;
				MACOSX_DEPLOYMENT_TARGET = 10.13;
				MTL_ENABLE_DEBUG_INFO = NO;
				SDKROOT = macosx;
			};
			name = Release;
		};
		BA0A451E225E1ED300CBEC1C /* Debug */ = {
			isa = XCBuildConfiguration;
			buildSettings = {
				ASSETCATALOG_COMPILER_APPICON_NAME = AppIcon;
				CODE_SIGN_ENTITLEMENTS = CalculatorCategory/CalculatorCategory.entitlements;
				CODE_SIGN_STYLE = Automatic;
				COMBINE_HIDPI_IMAGES = YES;
				INFOPLIST_FILE = CalculatorCategory/Info.plist;
				LD_RUNPATH_SEARCH_PATHS = (
					"$(inherited)",
					"@executable_path/../Frameworks",
				);
				PRODUCT_BUNDLE_IDENTIFIER = com.ep.CalculatorCategory;
				PRODUCT_NAME = "$(TARGET_NAME)";
			};
			name = Debug;
		};
		BA0A451F225E1ED300CBEC1C /* Release */ = {
			isa = XCBuildConfiguration;
			buildSettings = {
				ASSETCATALOG_COMPILER_APPICON_NAME = AppIcon;
				CODE_SIGN_ENTITLEMENTS = CalculatorCategory/CalculatorCategory.entitlements;
				CODE_SIGN_STYLE = Automatic;
				COMBINE_HIDPI_IMAGES = YES;
				INFOPLIST_FILE = CalculatorCategory/Info.plist;
				LD_RUNPATH_SEARCH_PATHS = (
					"$(inherited)",
					"@executable_path/../Frameworks",
				);
				PRODUCT_BUNDLE_IDENTIFIER = com.ep.CalculatorCategory;
				PRODUCT_NAME = "$(TARGET_NAME)";
			};
			name = Release;
		};
/* End XCBuildConfiguration section */

/* Begin XCConfigurationList section */
		BA0A4507225E1EB100CBEC1C /* Build configuration list for PBXProject "CalculatorCategory" */ = {
			isa = XCConfigurationList;
			buildConfigurations = (
				BA0A451B225E1ED300CBEC1C /* Debug */,
				BA0A451C225E1ED300CBEC1C /* Release */,
			);
			defaultConfigurationIsVisible = 0;
			defaultConfigurationName = Release;
		};
		BA0A451D225E1ED300CBEC1C /* Build configuration list for PBXNativeTarget "CalculatorCategory" */ = {
			isa = XCConfigurationList;
			buildConfigurations = (
				BA0A451E225E1ED300CBEC1C /* Debug */,
				BA0A451F225E1ED300CBEC1C /* Release */,
			);
			defaultConfigurationIsVisible = 0;
			defaultConfigurationName = Release;
		};
/* End XCConfigurationList section */
	};
	rootObject = BA0A4504225E1EB100CBEC1C /* Project object */;
}
