// !$*UTF8*$!
{
	archiveVersion = 1;
	classes = {
	};
	objectVersion = 50;
	objects = {

/* Begin PBXBuildFile section */
		BA0D7A45225DCDC00031FA63 /* Friend.m in Sources */ = {isa = PBXBuildFile; fileRef = BA0D7A44225DCDC00031FA63 /* Friend.m */; };
		BA0D7A49225DD1220031FA63 /* FriendManager.m in Sources */ = {isa = PBXBuildFile; fileRef = BA0D7A48225DD1220031FA63 /* FriendManager.m */; };
		BA179408225DA8C3001DAA5C /* AppDelegate.m in Sources */ = {isa = PBXBuildFile; fileRef = BA179407225DA8C3001DAA5C /* AppDelegate.m */; };
		BA17940A225DA8CD001DAA5C /* Assets.xcassets in Resources */ = {isa = PBXBuildFile; fileRef = BA179409225DA8CD001DAA5C /* Assets.xcassets */; };
		BA17940D225DA8CD001DAA5C /* MainMenu.xib in Resources */ = {isa = PBXBuildFile; fileRef = BA17940B225DA8CD001DAA5C /* MainMenu.xib */; };
		BA179410225DA8CD001DAA5C /* main.m in Sources */ = {isa = PBXBuildFile; fileRef = BA17940F225DA8CD001DAA5C /* main.m */; };
/* End PBXBuildFile section */

/* Begin PBXFileReference section */
		BA0D7A43225DCDC00031FA63 /* Friend.h */ = {isa = PBXFileReference; lastKnownFileType = sourcecode.c.h; path = Friend.h; sourceTree = "<group>"; };
		BA0D7A44225DCDC00031FA63 /* Friend.m */ = {isa = PBXFileReference; lastKnownFileType = sourcecode.c.objc; path = Friend.m; sourceTree = "<group>"; };
		BA0D7A47225DD1220031FA63 /* FriendManager.h */ = {isa = PBXFileReference; lastKnownFileType = sourcecode.c.h; path = FriendManager.h; sourceTree = "<group>"; };
		BA0D7A48225DD1220031FA63 /* FriendManager.m */ = {isa = PBXFileReference; lastKnownFileType = sourcecode.c.objc; path = FriendManager.m; sourceTree = "<group>"; };
		BA179403225DA8C3001DAA5C /* FriendsDemo.app */ = {isa = PBXFileReference; explicitFileType = wrapper.application; includeInIndex = 0; path = FriendsDemo.app; sourceTree = BUILT_PRODUCTS_DIR; };
		BA179406225DA8C3001DAA5C /* AppDelegate.h */ = {isa = PBXFileReference; lastKnownFileType = sourcecode.c.h; path = AppDelegate.h; sourceTree = "<group>"; };
		BA179407225DA8C3001DAA5C /* AppDelegate.m */ = {isa = PBXFileReference; lastKnownFileType = sourcecode.c.objc; path = AppDelegate.m; sourceTree = "<group>"; };
		BA179409225DA8CD001DAA5C /* Assets.xcassets */ = {isa = PBXFileReference; lastKnownFileType = folder.assetcatalog; path = Assets.xcassets; sourceTree = "<group>"; };
		BA17940C225DA8CD001DAA5C /* Base */ = {isa = PBXFileReference; lastKnownFileType = file.xib; name = Base; path = Base.lproj/MainMenu.xib; sourceTree = "<group>"; };
		BA17940E225DA8CD001DAA5C /* Info.plist */ = {isa = PBXFileReference; lastKnownFileType = text.plist.xml; path = Info.plist; sourceTree = "<group>"; };
		BA17940F225DA8CD001DAA5C /* main.m */ = {isa = PBXFileReference; lastKnownFileType = sourcecode.c.objc; path = main.m; sourceTree = "<group>"; };
		BA179411225DA8CD001DAA5C /* FriendsDemo.entitlements */ = {isa = PBXFileReference; lastKnownFileType = text.plist.entitlements; path = FriendsDemo.entitlements; sourceTree = "<group>"; };
/* End PBXFileReference section */

/* Begin PBXFrameworksBuildPhase section */
		BA179400225DA8C3001DAA5C /* Frameworks */ = {
			isa = PBXFrameworksBuildPhase;
			buildActionMask = 2147483647;
			files = (
			);
			runOnlyForDeploymentPostprocessing = 0;
		};
/* End PBXFrameworksBuildPhase section */

/* Begin PBXGroup section */
		BA1793FA225DA8C3001DAA5C = {
			isa = PBXGroup;
			children = (
				BA179405225DA8C3001DAA5C /* FriendsDemo */,
				BA179404225DA8C3001DAA5C /* Products */,
			);
			sourceTree = "<group>";
		};
		BA179404225DA8C3001DAA5C /* Products */ = {
			isa = PBXGroup;
			children = (
				BA179403225DA8C3001DAA5C /* FriendsDemo.app */,
			);
			name = Products;
			sourceTree = "<group>";
		};
		BA179405225DA8C3001DAA5C /* FriendsDemo */ = {
			isa = PBXGroup;
			children = (
				BA179406225DA8C3001DAA5C /* AppDelegate.h */,
				BA179407225DA8C3001DAA5C /* AppDelegate.m */,
				BA179409225DA8CD001DAA5C /* Assets.xcassets */,
				BA17940B225DA8CD001DAA5C /* MainMenu.xib */,
				BA17940E225DA8CD001DAA5C /* Info.plist */,
				BA17940F225DA8CD001DAA5C /* main.m */,
				BA179411225DA8CD001DAA5C /* FriendsDemo.entitlements */,
				BA0D7A43225DCDC00031FA63 /* Friend.h */,
				BA0D7A44225DCDC00031FA63 /* Friend.m */,
				BA0D7A47225DD1220031FA63 /* FriendManager.h */,
				BA0D7A48225DD1220031FA63 /* FriendManager.m */,
			);
			path = FriendsDemo;
			sourceTree = "<group>";
		};
/* End PBXGroup section */

/* Begin PBXNativeTarget section */
		BA179402225DA8C3001DAA5C /* FriendsDemo */ = {
			isa = PBXNativeTarget;
			buildConfigurationList = BA179414225DA8CD001DAA5C /* Build configuration list for PBXNativeTarget "FriendsDemo" */;
			buildPhases = (
				BA1793FF225DA8C3001DAA5C /* Sources */,
				BA179400225DA8C3001DAA5C /* Frameworks */,
				BA179401225DA8C3001DAA5C /* Resources */,
			);
			buildRules = (
			);
			dependencies = (
			);
			name = FriendsDemo;
			productName = FriendsDemo;
			productReference = BA179403225DA8C3001DAA5C /* FriendsDemo.app */;
			productType = "com.apple.product-type.application";
		};
/* End PBXNativeTarget section */

/* Begin PBXProject section */
		BA1793FB225DA8C3001DAA5C /* Project object */ = {
			isa = PBXProject;
			attributes = {
				LastUpgradeCheck = 0930;
				ORGANIZATIONNAME = "Esraa And Passant";
				TargetAttributes = {
					BA179402225DA8C3001DAA5C = {
						CreatedOnToolsVersion = 9.3;
					};
				};
			};
			buildConfigurationList = BA1793FE225DA8C3001DAA5C /* Build configuration list for PBXProject "FriendsDemo" */;
			compatibilityVersion = "Xcode 9.3";
			developmentRegion = en;
			hasScannedForEncodings = 0;
			knownRegions = (
				en,
				Base,
			);
			mainGroup = BA1793FA225DA8C3001DAA5C;
			productRefGroup = BA179404225DA8C3001DAA5C /* Products */;
			projectDirPath = "";
			projectRoot = "";
			targets = (
				BA179402225DA8C3001DAA5C /* FriendsDemo */,
			);
		};
/* End PBXProject section */

/* Begin PBXResourcesBuildPhase section */
		BA179401225DA8C3001DAA5C /* Resources */ = {
			isa = PBXResourcesBuildPhase;
			buildActionMask = 2147483647;
			files = (
				BA17940A225DA8CD001DAA5C /* Assets.xcassets in Resources */,
				BA17940D225DA8CD001DAA5C /* MainMenu.xib in Resources */,
			);
			runOnlyForDeploymentPostprocessing = 0;
		};
/* End PBXResourcesBuildPhase section */

/* Begin PBXSourcesBuildPhase section */
		BA1793FF225DA8C3001DAA5C /* Sources */ = {
			isa = PBXSourcesBuildPhase;
			buildActionMask = 2147483647;
			files = (
				BA0D7A45225DCDC00031FA63 /* Friend.m in Sources */,
				BA0D7A49225DD1220031FA63 /* FriendManager.m in Sources */,
				BA179410225DA8CD001DAA5C /* main.m in Sources */,
				BA179408225DA8C3001DAA5C /* AppDelegate.m in Sources */,
			);
			runOnlyForDeploymentPostprocessing = 0;
		};
/* End PBXSourcesBuildPhase section */

/* Begin PBXVariantGroup section */
		BA17940B225DA8CD001DAA5C /* MainMenu.xib */ = {
			isa = PBXVariantGroup;
			children = (
				BA17940C225DA8CD001DAA5C /* Base */,
			);
			name = MainMenu.xib;
			sourceTree = "<group>";
		};
/* End PBXVariantGroup section */

/* Begin XCBuildConfiguration section */
		BA179412225DA8CD001DAA5C /* Debug */ = {
			isa = XCBuildConfiguration;
			buildSettings = {
				ALWAYS_SEARCH_USER_PATHS = NO;
				CLANG_ANALYZER_NONNULL = YES;
				CLANG_ANALYZER_NUMBER_OBJECT_CONVERSION = YES_AGGRESSIVE;
				CLANG_CXX_LANGUAGE_STANDARD = "gnu++14";
				CLANG_CXX_LIBRARY = "libc++";
				CLANG_ENABLE_MODULES = YES;
				CLANG_ENABLE_OBJC_ARC = YES;
				CLANG_ENABLE_OBJC_WEAK = YES;
				CLANG_WARN_BLOCK_CAPTURE_AUTORELEASING = YES;
				CLANG_WARN_BOOL_CONVERSION = YES;
				CLANG_WARN_COMMA = YES;
				CLANG_WARN_CONSTANT_CONVERSION = YES;
				CLANG_WARN_DEPRECATED_OBJC_IMPLEMENTATIONS = YES;
				CLANG_WARN_DIRECT_OBJC_ISA_USAGE = YES_ERROR;
				CLANG_WARN_DOCUMENTATION_COMMENTS = YES;
				CLANG_WARN_EMPTY_BODY = YES;
				CLANG_WARN_ENUM_CONVERSION = YES;
				CLANG_WARN_INFINITE_RECURSION = YES;
				CLANG_WARN_INT_CONVERSION = YES;
				CLANG_WARN_NON_LITERAL_NULL_CONVERSION = YES;
				CLANG_WARN_OBJC_IMPLICIT_RETAIN_SELF = YES;
				CLANG_WARN_OBJC_LITERAL_CONVERSION = YES;
				CLANG_WARN_OBJC_ROOT_CLASS = YES_ERROR;
				CLANG_WARN_RANGE_LOOP_ANALYSIS = YES;
				CLANG_WARN_STRICT_PROTOTYPES = YES;
				CLANG_WARN_SUSPICIOUS_MOVE = YES;
				CLANG_WARN_UNGUARDED_AVAILABILITY = YES_AGGRESSIVE;
				CLANG_WARN_UNREACHABLE_CODE = YES;
				CLANG_WARN__DUPLICATE_METHOD_MATCH = YES;
				CODE_SIGN_IDENTITY = "-";
				COPY_PHASE_STRIP = NO;
				DEBUG_INFORMATION_FORMAT = dwarf;
				ENABLE_STRICT_OBJC_MSGSEND = YES;
				ENABLE_TESTABILITY = YES;
				GCC_C_LANGUAGE_STANDARD = gnu11;
				GCC_DYNAMIC_NO_PIC = NO;
				GCC_NO_COMMON_BLOCKS = YES;
				GCC_OPTIMIZATION_LEVEL = 0;
				GCC_PREPROCESSOR_DEFINITIONS = (
					"DEBUG=1",
					"$(inherited)",
				);
				GCC_WARN_64_TO_32_BIT_CONVERSION = YES;
				GCC_WARN_ABOUT_RETURN_TYPE = YES_ERROR;
				GCC_WARN_UNDECLARED_SELECTOR = YES;
				GCC_WARN_UNINITIALIZED_AUTOS = YES_AGGRESSIVE;
				GCC_WARN_UNUSED_FUNCTION = YES;
				GCC_WARN_UNUSED_VARIABLE = YES;
				MACOSX_DEPLOYMENT_TARGET = 10.13;
				MTL_ENABLE_DEBUG_INFO = YES;
				ONLY_ACTIVE_ARCH = YES;
				SDKROOT = macosx;
			};
			name = Debug;
		};
		BA179413225DA8CD001DAA5C /* Release */ = {
			isa = XCBuildConfiguration;
			buildSettings = {
				ALWAYS_SEARCH_USER_PATHS = NO;
				CLANG_ANALYZER_NONNULL = YES;
				CLANG_ANALYZER_NUMBER_OBJECT_CONVERSION = YES_AGGRESSIVE;
				CLANG_CXX_LANGUAGE_STANDARD = "gnu++14";
				CLANG_CXX_LIBRARY = "libc++";
				CLANG_ENABLE_MODULES = YES;
				CLANG_ENABLE_OBJC_ARC = YES;
				CLANG_ENABLE_OBJC_WEAK = YES;
				CLANG_WARN_BLOCK_CAPTURE_AUTORELEASING = YES;
				CLANG_WARN_BOOL_CONVERSION = YES;
				CLANG_WARN_COMMA = YES;
				CLANG_WARN_CONSTANT_CONVERSION = YES;
				CLANG_WARN_DEPRECATED_OBJC_IMPLEMENTATIONS = YES;
				CLANG_WARN_DIRECT_OBJC_ISA_USAGE = YES_ERROR;
				CLANG_WARN_DOCUMENTATION_COMMENTS = YES;
				CLANG_WARN_EMPTY_BODY = YES;
				CLANG_WARN_ENUM_CONVERSION = YES;
				CLANG_WARN_INFINITE_RECURSION = YES;
				CLANG_WARN_INT_CONVERSION = YES;
				CLANG_WARN_NON_LITERAL_NULL_CONVERSION = YES;
				CLANG_WARN_OBJC_IMPLICIT_RETAIN_SELF = YES;
				CLANG_WARN_OBJC_LITERAL_CONVERSION = YES;
				CLANG_WARN_OBJC_ROOT_CLASS = YES_ERROR;
				CLANG_WARN_RANGE_LOOP_ANALYSIS = YES;
				CLANG_WARN_STRICT_PROTOTYPES = YES;
				CLANG_WARN_SUSPICIOUS_MOVE = YES;
				CLANG_WARN_UNGUARDED_AVAILABILITY = YES_AGGRESSIVE;
				CLANG_WARN_UNREACHABLE_CODE = YES;
				CLANG_WARN__DUPLICATE_METHOD_MATCH = YES;
				CODE_SIGN_IDENTITY = "-";
				COPY_PHASE_STRIP = NO;
				DEBUG_INFORMATION_FORMAT = "dwarf-with-dsym";
				ENABLE_NS_ASSERTIONS = NO;
				ENABLE_STRICT_OBJC_MSGSEND = YES;
				GCC_C_LANGUAGE_STANDARD = gnu11;
				GCC_NO_COMMON_BLOCKS = YES;
				GCC_WARN_64_TO_32_BIT_CONVERSION = YES;
				GCC_WARN_ABOUT_RETURN_TYPE = YES_ERROR;
				GCC_WARN_UNDECLARED_SELECTOR = YES;
				GCC_WARN_UNINITIALIZED_AUTOS = YES_AGGRESSIVE;
				GCC_WARN_UNUSED_FUNCTION = YES;
				GCC_WARN_UNUSED_VARIABLE = YES;
				MACOSX_DEPLOYMENT_TARGET = 10.13;
				MTL_ENABLE_DEBUG_INFO = NO;
				SDKROOT = macosx;
			};
			name = Release;
		};
		BA179415225DA8CD001DAA5C /* Debug */ = {
			isa = XCBuildConfiguration;
			buildSettings = {
				ASSETCATALOG_COMPILER_APPICON_NAME = AppIcon;
				CODE_SIGN_ENTITLEMENTS = FriendsDemo/FriendsDemo.entitlements;
				CODE_SIGN_STYLE = Automatic;
				COMBINE_HIDPI_IMAGES = YES;
				INFOPLIST_FILE = FriendsDemo/Info.plist;
				LD_RUNPATH_SEARCH_PATHS = (
					"$(inherited)",
					"@executable_path/../Frameworks",
				);
				PRODUCT_BUNDLE_IDENTIFIER = com.ep.FriendsDemo;
				PRODUCT_NAME = "$(TARGET_NAME)";
			};
			name = Debug;
		};
		BA179416225DA8CD001DAA5C /* Release */ = {
			isa = XCBuildConfiguration;
			buildSettings = {
				ASSETCATALOG_COMPILER_APPICON_NAME = AppIcon;
				CODE_SIGN_ENTITLEMENTS = FriendsDemo/FriendsDemo.entitlements;
				CODE_SIGN_STYLE = Automatic;
				COMBINE_HIDPI_IMAGES = YES;
				INFOPLIST_FILE = FriendsDemo/Info.plist;
				LD_RUNPATH_SEARCH_PATHS = (
					"$(inherited)",
					"@executable_path/../Frameworks",
				);
				PRODUCT_BUNDLE_IDENTIFIER = com.ep.FriendsDemo;
				PRODUCT_NAME = "$(TARGET_NAME)";
			};
			name = Release;
		};
/* End XCBuildConfiguration section */

/* Begin XCConfigurationList section */
		BA1793FE225DA8C3001DAA5C /* Build configuration list for PBXProject "FriendsDemo" */ = {
			isa = XCConfigurationList;
			buildConfigurations = (
				BA179412225DA8CD001DAA5C /* Debug */,
				BA179413225DA8CD001DAA5C /* Release */,
			);
			defaultConfigurationIsVisible = 0;
			defaultConfigurationName = Release;
		};
		BA179414225DA8CD001DAA5C /* Build configuration list for PBXNativeTarget "FriendsDemo" */ = {
			isa = XCConfigurationList;
			buildConfigurations = (
				BA179415225DA8CD001DAA5C /* Debug */,
				BA179416225DA8CD001DAA5C /* Release */,
			);
			defaultConfigurationIsVisible = 0;
			defaultConfigurationName = Release;
		};
/* End XCConfigurationList section */
	};
	rootObject = BA1793FB225DA8C3001DAA5C /* Project object */;
}
