// !$*UTF8*$!
{
	archiveVersion = 1;
	classes = {
	};
	objectVersion = 50;
	objects = {

/* Begin PBXBuildFile section */
		BA0A44E8225E124900CBEC1C /* AppDelegate.m in Sources */ = {isa = PBXBuildFile; fileRef = BA0A44E7225E124900CBEC1C /* AppDelegate.m */; };
		BA0A44EA225E125400CBEC1C /* Assets.xcassets in Resources */ = {isa = PBXBuildFile; fileRef = BA0A44E9225E125300CBEC1C /* Assets.xcassets */; };
		BA0A44ED225E125400CBEC1C /* MainMenu.xib in Resources */ = {isa = PBXBuildFile; fileRef = BA0A44EB225E125400CBEC1C /* MainMenu.xib */; };
		BA0A44F0225E125400CBEC1C /* main.m in Sources */ = {isa = PBXBuildFile; fileRef = BA0A44EF225E125400CBEC1C /* main.m */; };
		BA0A44F9225E12BD00CBEC1C /* ClassA.m in Sources */ = {isa = PBXBuildFile; fileRef = BA0A44F8225E12BD00CBEC1C /* ClassA.m */; };
		BA0A44FC225E144C00CBEC1C /* ClassB.m in Sources */ = {isa = PBXBuildFile; fileRef = BA0A44FB225E144C00CBEC1C /* ClassB.m */; };
		BA0A4502225E14C300CBEC1C /* MyClass.m in Sources */ = {isa = PBXBuildFile; fileRef = BA0A4501225E14C300CBEC1C /* MyClass.m */; };
/* End PBXBuildFile section */

/* Begin PBXFileReference section */
		BA0A44E3225E124900CBEC1C /* KnowingTheClass.app */ = {isa = PBXFileReference; explicitFileType = wrapper.application; includeInIndex = 0; path = KnowingTheClass.app; sourceTree = BUILT_PRODUCTS_DIR; };
		BA0A44E6225E124900CBEC1C /* AppDelegate.h */ = {isa = PBXFileReference; lastKnownFileType = sourcecode.c.h; path = AppDelegate.h; sourceTree = "<group>"; };
		BA0A44E7225E124900CBEC1C /* AppDelegate.m */ = {isa = PBXFileReference; lastKnownFileType = sourcecode.c.objc; path = AppDelegate.m; sourceTree = "<group>"; };
		BA0A44E9225E125300CBEC1C /* Assets.xcassets */ = {isa = PBXFileReference; lastKnownFileType = folder.assetcatalog; path = Assets.xcassets; sourceTree = "<group>"; };
		BA0A44EC225E125400CBEC1C /* Base */ = {isa = PBXFileReference; lastKnownFileType = file.xib; name = Base; path = Base.lproj/MainMenu.xib; sourceTree = "<group>"; };
		BA0A44EE225E125400CBEC1C /* Info.plist */ = {isa = PBXFileReference; lastKnownFileType = text.plist.xml; path = Info.plist; sourceTree = "<group>"; };
		BA0A44EF225E125400CBEC1C /* main.m */ = {isa = PBXFileReference; lastKnownFileType = sourcecode.c.objc; path = main.m; sourceTree = "<group>"; };
		BA0A44F1225E125400CBEC1C /* KnowingTheClass.entitlements */ = {isa = PBXFileReference; lastKnownFileType = text.plist.entitlements; path = KnowingTheClass.entitlements; sourceTree = "<group>"; };
		BA0A44F7225E12BD00CBEC1C /* ClassA.h */ = {isa = PBXFileReference; lastKnownFileType = sourcecode.c.h; path = ClassA.h; sourceTree = "<group>"; };
		BA0A44F8225E12BD00CBEC1C /* ClassA.m */ = {isa = PBXFileReference; lastKnownFileType = sourcecode.c.objc; path = ClassA.m; sourceTree = "<group>"; };
		BA0A44FA225E144C00CBEC1C /* ClassB.h */ = {isa = PBXFileReference; lastKnownFileType = sourcecode.c.h; path = ClassB.h; sourceTree = "<group>"; };
		BA0A44FB225E144C00CBEC1C /* ClassB.m */ = {isa = PBXFileReference; lastKnownFileType = sourcecode.c.objc; path = ClassB.m; sourceTree = "<group>"; };
		BA0A4500225E14C300CBEC1C /* MyClass.h */ = {isa = PBXFileReference; lastKnownFileType = sourcecode.c.h; path = MyClass.h; sourceTree = "<group>"; };
		BA0A4501225E14C300CBEC1C /* MyClass.m */ = {isa = PBXFileReference; lastKnownFileType = sourcecode.c.objc; path = MyClass.m; sourceTree = "<group>"; };
/* End PBXFileReference section */

/* Begin PBXFrameworksBuildPhase section */
		BA0A44E0225E124900CBEC1C /* Frameworks */ = {
			isa = PBXFrameworksBuildPhase;
			buildActionMask = 2147483647;
			files = (
			);
			runOnlyForDeploymentPostprocessing = 0;
		};
/* End PBXFrameworksBuildPhase section */

/* Begin PBXGroup section */
		BA0A44DA225E124900CBEC1C = {
			isa = PBXGroup;
			children = (
				BA0A44E5225E124900CBEC1C /* KnowingTheClass */,
				BA0A44E4225E124900CBEC1C /* Products */,
			);
			sourceTree = "<group>";
		};
		BA0A44E4225E124900CBEC1C /* Products */ = {
			isa = PBXGroup;
			children = (
				BA0A44E3225E124900CBEC1C /* KnowingTheClass.app */,
			);
			name = Products;
			sourceTree = "<group>";
		};
		BA0A44E5225E124900CBEC1C /* KnowingTheClass */ = {
			isa = PBXGroup;
			children = (
				BA0A44E6225E124900CBEC1C /* AppDelegate.h */,
				BA0A44E7225E124900CBEC1C /* AppDelegate.m */,
				BA0A44E9225E125300CBEC1C /* Assets.xcassets */,
				BA0A44EB225E125400CBEC1C /* MainMenu.xib */,
				BA0A44EE225E125400CBEC1C /* Info.plist */,
				BA0A44EF225E125400CBEC1C /* main.m */,
				BA0A44F1225E125400CBEC1C /* KnowingTheClass.entitlements */,
				BA0A44F7225E12BD00CBEC1C /* ClassA.h */,
				BA0A44F8225E12BD00CBEC1C /* ClassA.m */,
				BA0A44FA225E144C00CBEC1C /* ClassB.h */,
				BA0A44FB225E144C00CBEC1C /* ClassB.m */,
				BA0A4500225E14C300CBEC1C /* MyClass.h */,
				BA0A4501225E14C300CBEC1C /* MyClass.m */,
			);
			path = KnowingTheClass;
			sourceTree = "<group>";
		};
/* End PBXGroup section */

/* Begin PBXNativeTarget section */
		BA0A44E2225E124900CBEC1C /* KnowingTheClass */ = {
			isa = PBXNativeTarget;
			buildConfigurationList = BA0A44F4225E125400CBEC1C /* Build configuration list for PBXNativeTarget "KnowingTheClass" */;
			buildPhases = (
				BA0A44DF225E124900CBEC1C /* Sources */,
				BA0A44E0225E124900CBEC1C /* Frameworks */,
				BA0A44E1225E124900CBEC1C /* Resources */,
			);
			buildRules = (
			);
			dependencies = (
			);
			name = KnowingTheClass;
			productName = KnowingTheClass;
			productReference = BA0A44E3225E124900CBEC1C /* KnowingTheClass.app */;
			productType = "com.apple.product-type.application";
		};
/* End PBXNativeTarget section */

/* Begin PBXProject section */
		BA0A44DB225E124900CBEC1C /* Project object */ = {
			isa = PBXProject;
			attributes = {
				LastUpgradeCheck = 0930;
				ORGANIZATIONNAME = "Esraa And Passant";
				TargetAttributes = {
					BA0A44E2225E124900CBEC1C = {
						CreatedOnToolsVersion = 9.3;
					};
				};
			};
			buildConfigurationList = BA0A44DE225E124900CBEC1C /* Build configuration list for PBXProject "KnowingTheClass" */;
			compatibilityVersion = "Xcode 9.3";
			developmentRegion = en;
			hasScannedForEncodings = 0;
			knownRegions = (
				en,
				Base,
			);
			mainGroup = BA0A44DA225E124900CBEC1C;
			productRefGroup = BA0A44E4225E124900CBEC1C /* Products */;
			projectDirPath = "";
			projectRoot = "";
			targets = (
				BA0A44E2225E124900CBEC1C /* KnowingTheClass */,
			);
		};
/* End PBXProject section */

/* Begin PBXResourcesBuildPhase section */
		BA0A44E1225E124900CBEC1C /* Resources */ = {
			isa = PBXResourcesBuildPhase;
			buildActionMask = 2147483647;
			files = (
				BA0A44EA225E125400CBEC1C /* Assets.xcassets in Resources */,
				BA0A44ED225E125400CBEC1C /* MainMenu.xib in Resources */,
			);
			runOnlyForDeploymentPostprocessing = 0;
		};
/* End PBXResourcesBuildPhase section */

/* Begin PBXSourcesBuildPhase section */
		BA0A44DF225E124900CBEC1C /* Sources */ = {
			isa = PBXSourcesBuildPhase;
			buildActionMask = 2147483647;
			files = (
				BA0A44F0225E125400CBEC1C /* main.m in Sources */,
				BA0A44F9225E12BD00CBEC1C /* ClassA.m in Sources */,
				BA0A4502225E14C300CBEC1C /* MyClass.m in Sources */,
				BA0A44E8225E124900CBEC1C /* AppDelegate.m in Sources */,
				BA0A44FC225E144C00CBEC1C /* ClassB.m in Sources */,
			);
			runOnlyForDeploymentPostprocessing = 0;
		};
/* End PBXSourcesBuildPhase section */

/* Begin PBXVariantGroup section */
		BA0A44EB225E125400CBEC1C /* MainMenu.xib */ = {
			isa = PBXVariantGroup;
			children = (
				BA0A44EC225E125400CBEC1C /* Base */,
			);
			name = MainMenu.xib;
			sourceTree = "<group>";
		};
/* End PBXVariantGroup section */

/* Begin XCBuildConfiguration section */
		BA0A44F2225E125400CBEC1C /* Debug */ = {
			isa = XCBuildConfiguration;
			buildSettings = {
				ALWAYS_SEARCH_USER_PATHS = NO;
				CLANG_ANALYZER_NONNULL = YES;
				CLANG_ANALYZER_NUMBER_OBJECT_CONVERSION = YES_AGGRESSIVE;
				CLANG_CXX_LANGUAGE_STANDARD = "gnu++14";
				CLANG_CXX_LIBRARY = "libc++";
				CLANG_ENABLE_MODULES = YES;
				CLANG_ENABLE_OBJC_ARC = YES;
				CLANG_ENABLE_OBJC_WEAK = YES;
				CLANG_WARN_BLOCK_CAPTURE_AUTORELEASING = YES;
				CLANG_WARN_BOOL_CONVERSION = YES;
				CLANG_WARN_COMMA = YES;
				CLANG_WARN_CONSTANT_CONVERSION = YES;
				CLANG_WARN_DEPRECATED_OBJC_IMPLEMENTATIONS = YES;
				CLANG_WARN_DIRECT_OBJC_ISA_USAGE = YES_ERROR;
				CLANG_WARN_DOCUMENTATION_COMMENTS = YES;
				CLANG_WARN_EMPTY_BODY = YES;
				CLANG_WARN_ENUM_CONVERSION = YES;
				CLANG_WARN_INFINITE_RECURSION = YES;
				CLANG_WARN_INT_CONVERSION = YES;
				CLANG_WARN_NON_LITERAL_NULL_CONVERSION = YES;
				CLANG_WARN_OBJC_IMPLICIT_RETAIN_SELF = YES;
				CLANG_WARN_OBJC_LITERAL_CONVERSION = YES;
				CLANG_WARN_OBJC_ROOT_CLASS = YES_ERROR;
				CLANG_WARN_RANGE_LOOP_ANALYSIS = YES;
				CLANG_WARN_STRICT_PROTOTYPES = YES;
				CLANG_WARN_SUSPICIOUS_MOVE = YES;
				CLANG_WARN_UNGUARDED_AVAILABILITY = YES_AGGRESSIVE;
				CLANG_WARN_UNREACHABLE_CODE = YES;
				CLANG_WARN__DUPLICATE_METHOD_MATCH = YES;
				CODE_SIGN_IDENTITY = "-";
				COPY_PHASE_STRIP = NO;
				DEBUG_INFORMATION_FORMAT = dwarf;
				ENABLE_STRICT_OBJC_MSGSEND = YES;
				ENABLE_TESTABILITY = YES;
				GCC_C_LANGUAGE_STANDARD = gnu11;
				GCC_DYNAMIC_NO_PIC = NO;
				GCC_NO_COMMON_BLOCKS = YES;
				GCC_OPTIMIZATION_LEVEL = 0;
				GCC_PREPROCESSOR_DEFINITIONS = (
					"DEBUG=1",
					"$(inherited)",
				);
				GCC_WARN_64_TO_32_BIT_CONVERSION = YES;
				GCC_WARN_ABOUT_RETURN_TYPE = YES_ERROR;
				GCC_WARN_UNDECLARED_SELECTOR = YES;
				GCC_WARN_UNINITIALIZED_AUTOS = YES_AGGRESSIVE;
				GCC_WARN_UNUSED_FUNCTION = YES;
				GCC_WARN_UNUSED_VARIABLE = YES;
				MACOSX_DEPLOYMENT_TARGET = 10.13;
				MTL_ENABLE_DEBUG_INFO = YES;
				ONLY_ACTIVE_ARCH = YES;
				SDKROOT = macosx;
			};
			name = Debug;
		};
		BA0A44F3225E125400CBEC1C /* Release */ = {
			isa = XCBuildConfiguration;
			buildSettings = {
				ALWAYS_SEARCH_USER_PATHS = NO;
				CLANG_ANALYZER_NONNULL = YES;
				CLANG_ANALYZER_NUMBER_OBJECT_CONVERSION = YES_AGGRESSIVE;
				CLANG_CXX_LANGUAGE_STANDARD = "gnu++14";
				CLANG_CXX_LIBRARY = "libc++";
				CLANG_ENABLE_MODULES = YES;
				CLANG_ENABLE_OBJC_ARC = YES;
				CLANG_ENABLE_OBJC_WEAK = YES;
				CLANG_WARN_BLOCK_CAPTURE_AUTORELEASING = YES;
				CLANG_WARN_BOOL_CONVERSION = YES;
				CLANG_WARN_COMMA = YES;
				CLANG_WARN_CONSTANT_CONVERSION = YES;
				CLANG_WARN_DEPRECATED_OBJC_IMPLEMENTATIONS = YES;
				CLANG_WARN_DIRECT_OBJC_ISA_USAGE = YES_ERROR;
				CLANG_WARN_DOCUMENTATION_COMMENTS = YES;
				CLANG_WARN_EMPTY_BODY = YES;
				CLANG_WARN_ENUM_CONVERSION = YES;
				CLANG_WARN_INFINITE_RECURSION = YES;
				CLANG_WARN_INT_CONVERSION = YES;
				CLANG_WARN_NON_LITERAL_NULL_CONVERSION = YES;
				CLANG_WARN_OBJC_IMPLICIT_RETAIN_SELF = YES;
				CLANG_WARN_OBJC_LITERAL_CONVERSION = YES;
				CLANG_WARN_OBJC_ROOT_CLASS = YES_ERROR;
				CLANG_WARN_RANGE_LOOP_ANALYSIS = YES;
				CLANG_WARN_STRICT_PROTOTYPES = YES;
				CLANG_WARN_SUSPICIOUS_MOVE = YES;
				CLANG_WARN_UNGUARDED_AVAILABILITY = YES_AGGRESSIVE;
				CLANG_WARN_UNREACHABLE_CODE = YES;
				CLANG_WARN__DUPLICATE_METHOD_MATCH = YES;
				CODE_SIGN_IDENTITY = "-";
				COPY_PHASE_STRIP = NO;
				DEBUG_INFORMATION_FORMAT = "dwarf-with-dsym";
				ENABLE_NS_ASSERTIONS = NO;
				ENABLE_STRICT_OBJC_MSGSEND = YES;
				GCC_C_LANGUAGE_STANDARD = gnu11;
				GCC_NO_COMMON_BLOCKS = YES;
				GCC_WARN_64_TO_32_BIT_CONVERSION = YES;
				GCC_WARN_ABOUT_RETURN_TYPE = YES_ERROR;
				GCC_WARN_UNDECLARED_SELECTOR = YES;
				GCC_WARN_UNINITIALIZED_AUTOS = YES_AGGRESSIVE;
				GCC_WARN_UNUSED_FUNCTION = YES;
				GCC_WARN_UNUSED_VARIABLE = YES;
				MACOSX_DEPLOYMENT_TARGET = 10.13;
				MTL_ENABLE_DEBUG_INFO = NO;
				SDKROOT = macosx;
			};
			name = Release;
		};
		BA0A44F5225E125400CBEC1C /* Debug */ = {
			isa = XCBuildConfiguration;
			buildSettings = {
				ASSETCATALOG_COMPILER_APPICON_NAME = AppIcon;
				CODE_SIGN_ENTITLEMENTS = KnowingTheClass/KnowingTheClass.entitlements;
				CODE_SIGN_STYLE = Automatic;
				COMBINE_HIDPI_IMAGES = YES;
				INFOPLIST_FILE = KnowingTheClass/Info.plist;
				LD_RUNPATH_SEARCH_PATHS = (
					"$(inherited)",
					"@executable_path/../Frameworks",
				);
				PRODUCT_BUNDLE_IDENTIFIER = com.ep.KnowingTheClass;
				PRODUCT_NAME = "$(TARGET_NAME)";
			};
			name = Debug;
		};
		BA0A44F6225E125400CBEC1C /* Release */ = {
			isa = XCBuildConfiguration;
			buildSettings = {
				ASSETCATALOG_COMPILER_APPICON_NAME = AppIcon;
				CODE_SIGN_ENTITLEMENTS = KnowingTheClass/KnowingTheClass.entitlements;
				CODE_SIGN_STYLE = Automatic;
				COMBINE_HIDPI_IMAGES = YES;
				INFOPLIST_FILE = KnowingTheClass/Info.plist;
				LD_RUNPATH_SEARCH_PATHS = (
					"$(inherited)",
					"@executable_path/../Frameworks",
				);
				PRODUCT_BUNDLE_IDENTIFIER = com.ep.KnowingTheClass;
				PRODUCT_NAME = "$(TARGET_NAME)";
			};
			name = Release;
		};
/* End XCBuildConfiguration section */

/* Begin XCConfigurationList section */
		BA0A44DE225E124900CBEC1C /* Build configuration list for PBXProject "KnowingTheClass" */ = {
			isa = XCConfigurationList;
			buildConfigurations = (
				BA0A44F2225E125400CBEC1C /* Debug */,
				BA0A44F3225E125400CBEC1C /* Release */,
			);
			defaultConfigurationIsVisible = 0;
			defaultConfigurationName = Release;
		};
		BA0A44F4225E125400CBEC1C /* Build configuration list for PBXNativeTarget "KnowingTheClass" */ = {
			isa = XCConfigurationList;
			buildConfigurations = (
				BA0A44F5225E125400CBEC1C /* Debug */,
				BA0A44F6225E125400CBEC1C /* Release */,
			);
			defaultConfigurationIsVisible = 0;
			defaultConfigurationName = Release;
		};
/* End XCConfigurationList section */
	};
	rootObject = BA0A44DB225E124900CBEC1C /* Project object */;
}
