// !$*UTF8*$!
{
	archiveVersion = 1;
	classes = {
	};
	objectVersion = 50;
	objects = {

/* Begin PBXBuildFile section */
		BA0F15BA225D23510029A250 /* AppDelegate.m in Sources */ = {isa = PBXBuildFile; fileRef = BA0F15B9225D23510029A250 /* AppDelegate.m */; };
		BA0F15BC225D23520029A250 /* Assets.xcassets in Resources */ = {isa = PBXBuildFile; fileRef = BA0F15BB225D23520029A250 /* Assets.xcassets */; };
		BA0F15BF225D23530029A250 /* MainMenu.xib in Resources */ = {isa = PBXBuildFile; fileRef = BA0F15BD225D23530029A250 /* MainMenu.xib */; };
		BA0F15C2225D23530029A250 /* main.m in Sources */ = {isa = PBXBuildFile; fileRef = BA0F15C1225D23530029A250 /* main.m */; };
		BA0F15CB225D23770029A250 /* MyRectangle.m in Sources */ = {isa = PBXBuildFile; fileRef = BA0F15CA225D23770029A250 /* MyRectangle.m */; };
		BA1793F9225DA19E001DAA5C /* MySquare.m in Sources */ = {isa = PBXBuildFile; fileRef = BA1793F8225DA19E001DAA5C /* MySquare.m */; };
/* End PBXBuildFile section */

/* Begin PBXFileReference section */
		BA0F15B5225D23510029A250 /* RectangleDay2.app */ = {isa = PBXFileReference; explicitFileType = wrapper.application; includeInIndex = 0; path = RectangleDay2.app; sourceTree = BUILT_PRODUCTS_DIR; };
		BA0F15B8225D23510029A250 /* AppDelegate.h */ = {isa = PBXFileReference; lastKnownFileType = sourcecode.c.h; path = AppDelegate.h; sourceTree = "<group>"; };
		BA0F15B9225D23510029A250 /* AppDelegate.m */ = {isa = PBXFileReference; lastKnownFileType = sourcecode.c.objc; path = AppDelegate.m; sourceTree = "<group>"; };
		BA0F15BB225D23520029A250 /* Assets.xcassets */ = {isa = PBXFileReference; lastKnownFileType = folder.assetcatalog; path = Assets.xcassets; sourceTree = "<group>"; };
		BA0F15BE225D23530029A250 /* Base */ = {isa = PBXFileReference; lastKnownFileType = file.xib; name = Base; path = Base.lproj/MainMenu.xib; sourceTree = "<group>"; };
		BA0F15C0225D23530029A250 /* Info.plist */ = {isa = PBXFileReference; lastKnownFileType = text.plist.xml; path = Info.plist; sourceTree = "<group>"; };
		BA0F15C1225D23530029A250 /* main.m */ = {isa = PBXFileReference; lastKnownFileType = sourcecode.c.objc; path = main.m; sourceTree = "<group>"; };
		BA0F15C3225D23530029A250 /* RectangleDay2.entitlements */ = {isa = PBXFileReference; lastKnownFileType = text.plist.entitlements; path = RectangleDay2.entitlements; sourceTree = "<group>"; };
		BA0F15C9225D23770029A250 /* MyRectangle.h */ = {isa = PBXFileReference; lastKnownFileType = sourcecode.c.h; path = MyRectangle.h; sourceTree = "<group>"; };
		BA0F15CA225D23770029A250 /* MyRectangle.m */ = {isa = PBXFileReference; lastKnownFileType = sourcecode.c.objc; path = MyRectangle.m; sourceTree = "<group>"; };
		BA1793F7225DA19E001DAA5C /* MySquare.h */ = {isa = PBXFileReference; lastKnownFileType = sourcecode.c.h; path = MySquare.h; sourceTree = "<group>"; };
		BA1793F8225DA19E001DAA5C /* MySquare.m */ = {isa = PBXFileReference; lastKnownFileType = sourcecode.c.objc; path = MySquare.m; sourceTree = "<group>"; };
/* End PBXFileReference section */

/* Begin PBXFrameworksBuildPhase section */
		BA0F15B2225D23510029A250 /* Frameworks */ = {
			isa = PBXFrameworksBuildPhase;
			buildActionMask = 2147483647;
			files = (
			);
			runOnlyForDeploymentPostprocessing = 0;
		};
/* End PBXFrameworksBuildPhase section */

/* Begin PBXGroup section */
		BA0F15AC225D23510029A250 = {
			isa = PBXGroup;
			children = (
				BA0F15B7225D23510029A250 /* RectangleDay2 */,
				BA0F15B6225D23510029A250 /* Products */,
			);
			sourceTree = "<group>";
		};
		BA0F15B6225D23510029A250 /* Products */ = {
			isa = PBXGroup;
			children = (
				BA0F15B5225D23510029A250 /* RectangleDay2.app */,
			);
			name = Products;
			sourceTree = "<group>";
		};
		BA0F15B7225D23510029A250 /* RectangleDay2 */ = {
			isa = PBXGroup;
			children = (
				BA0F15B8225D23510029A250 /* AppDelegate.h */,
				BA0F15B9225D23510029A250 /* AppDelegate.m */,
				BA0F15BB225D23520029A250 /* Assets.xcassets */,
				BA0F15BD225D23530029A250 /* MainMenu.xib */,
				BA0F15C0225D23530029A250 /* Info.plist */,
				BA0F15C1225D23530029A250 /* main.m */,
				BA0F15C3225D23530029A250 /* RectangleDay2.entitlements */,
				BA0F15C9225D23770029A250 /* MyRectangle.h */,
				BA0F15CA225D23770029A250 /* MyRectangle.m */,
				BA1793F7225DA19E001DAA5C /* MySquare.h */,
				BA1793F8225DA19E001DAA5C /* MySquare.m */,
			);
			path = RectangleDay2;
			sourceTree = "<group>";
		};
/* End PBXGroup section */

/* Begin PBXNativeTarget section */
		BA0F15B4225D23510029A250 /* RectangleDay2 */ = {
			isa = PBXNativeTarget;
			buildConfigurationList = BA0F15C6225D23530029A250 /* Build configuration list for PBXNativeTarget "RectangleDay2" */;
			buildPhases = (
				BA0F15B1225D23510029A250 /* Sources */,
				BA0F15B2225D23510029A250 /* Frameworks */,
				BA0F15B3225D23510029A250 /* Resources */,
			);
			buildRules = (
			);
			dependencies = (
			);
			name = RectangleDay2;
			productName = RectangleDay2;
			productReference = BA0F15B5225D23510029A250 /* RectangleDay2.app */;
			productType = "com.apple.product-type.application";
		};
/* End PBXNativeTarget section */

/* Begin PBXProject section */
		BA0F15AD225D23510029A250 /* Project object */ = {
			isa = PBXProject;
			attributes = {
				LastUpgradeCheck = 0930;
				ORGANIZATIONNAME = "Esraa And Passant";
				TargetAttributes = {
					BA0F15B4225D23510029A250 = {
						CreatedOnToolsVersion = 9.3;
					};
				};
			};
			buildConfigurationList = BA0F15B0225D23510029A250 /* Build configuration list for PBXProject "RectangleDay2" */;
			compatibilityVersion = "Xcode 9.3";
			developmentRegion = en;
			hasScannedForEncodings = 0;
			knownRegions = (
				en,
				Base,
			);
			mainGroup = BA0F15AC225D23510029A250;
			productRefGroup = BA0F15B6225D23510029A250 /* Products */;
			projectDirPath = "";
			projectRoot = "";
			targets = (
				BA0F15B4225D23510029A250 /* RectangleDay2 */,
			);
		};
/* End PBXProject section */

/* Begin PBXResourcesBuildPhase section */
		BA0F15B3225D23510029A250 /* Resources */ = {
			isa = PBXResourcesBuildPhase;
			buildActionMask = 2147483647;
			files = (
				BA0F15BC225D23520029A250 /* Assets.xcassets in Resources */,
				BA0F15BF225D23530029A250 /* MainMenu.xib in Resources */,
			);
			runOnlyForDeploymentPostprocessing = 0;
		};
/* End PBXResourcesBuildPhase section */

/* Begin PBXSourcesBuildPhase section */
		BA0F15B1225D23510029A250 /* Sources */ = {
			isa = PBXSourcesBuildPhase;
			buildActionMask = 2147483647;
			files = (
				BA1793F9225DA19E001DAA5C /* MySquare.m in Sources */,
				BA0F15C2225D23530029A250 /* main.m in Sources */,
				BA0F15CB225D23770029A250 /* MyRectangle.m in Sources */,
				BA0F15BA225D23510029A250 /* AppDelegate.m in Sources */,
			);
			runOnlyForDeploymentPostprocessing = 0;
		};
/* End PBXSourcesBuildPhase section */

/* Begin PBXVariantGroup section */
		BA0F15BD225D23530029A250 /* MainMenu.xib */ = {
			isa = PBXVariantGroup;
			children = (
				BA0F15BE225D23530029A250 /* Base */,
			);
			name = MainMenu.xib;
			sourceTree = "<group>";
		};
/* End PBXVariantGroup section */

/* Begin XCBuildConfiguration section */
		BA0F15C4225D23530029A250 /* Debug */ = {
			isa = XCBuildConfiguration;
			buildSettings = {
				ALWAYS_SEARCH_USER_PATHS = NO;
				CLANG_ANALYZER_NONNULL = YES;
				CLANG_ANALYZER_NUMBER_OBJECT_CONVERSION = YES_AGGRESSIVE;
				CLANG_CXX_LANGUAGE_STANDARD = "gnu++14";
				CLANG_CXX_LIBRARY = "libc++";
				CLANG_ENABLE_MODULES = YES;
				CLANG_ENABLE_OBJC_ARC = YES;
				CLANG_ENABLE_OBJC_WEAK = YES;
				CLANG_WARN_BLOCK_CAPTURE_AUTORELEASING = YES;
				CLANG_WARN_BOOL_CONVERSION = YES;
				CLANG_WARN_COMMA = YES;
				CLANG_WARN_CONSTANT_CONVERSION = YES;
				CLANG_WARN_DEPRECATED_OBJC_IMPLEMENTATIONS = YES;
				CLANG_WARN_DIRECT_OBJC_ISA_USAGE = YES_ERROR;
				CLANG_WARN_DOCUMENTATION_COMMENTS = YES;
				CLANG_WARN_EMPTY_BODY = YES;
				CLANG_WARN_ENUM_CONVERSION = YES;
				CLANG_WARN_INFINITE_RECURSION = YES;
				CLANG_WARN_INT_CONVERSION = YES;
				CLANG_WARN_NON_LITERAL_NULL_CONVERSION = YES;
				CLANG_WARN_OBJC_IMPLICIT_RETAIN_SELF = YES;
				CLANG_WARN_OBJC_LITERAL_CONVERSION = YES;
				CLANG_WARN_OBJC_ROOT_CLASS = YES_ERROR;
				CLANG_WARN_RANGE_LOOP_ANALYSIS = YES;
				CLANG_WARN_STRICT_PROTOTYPES = YES;
				CLANG_WARN_SUSPICIOUS_MOVE = YES;
				CLANG_WARN_UNGUARDED_AVAILABILITY = YES_AGGRESSIVE;
				CLANG_WARN_UNREACHABLE_CODE = YES;
				CLANG_WARN__DUPLICATE_METHOD_MATCH = YES;
				CODE_SIGN_IDENTITY = "-";
				COPY_PHASE_STRIP = NO;
				DEBUG_INFORMATION_FORMAT = dwarf;
				ENABLE_STRICT_OBJC_MSGSEND = YES;
				ENABLE_TESTABILITY = YES;
				GCC_C_LANGUAGE_STANDARD = gnu11;
				GCC_DYNAMIC_NO_PIC = NO;
				GCC_NO_COMMON_BLOCKS = YES;
				GCC_OPTIMIZATION_LEVEL = 0;
				GCC_PREPROCESSOR_DEFINITIONS = (
					"DEBUG=1",
					"$(inherited)",
				);
				GCC_WARN_64_TO_32_BIT_CONVERSION = YES;
				GCC_WARN_ABOUT_RETURN_TYPE = YES_ERROR;
				GCC_WARN_UNDECLARED_SELECTOR = YES;
				GCC_WARN_UNINITIALIZED_AUTOS = YES_AGGRESSIVE;
				GCC_WARN_UNUSED_FUNCTION = YES;
				GCC_WARN_UNUSED_VARIABLE = YES;
				MACOSX_DEPLOYMENT_TARGET = 10.13;
				MTL_ENABLE_DEBUG_INFO = YES;
				ONLY_ACTIVE_ARCH = YES;
				SDKROOT = macosx;
			};
			name = Debug;
		};
		BA0F15C5225D23530029A250 /* Release */ = {
			isa = XCBuildConfiguration;
			buildSettings = {
				ALWAYS_SEARCH_USER_PATHS = NO;
				CLANG_ANALYZER_NONNULL = YES;
				CLANG_ANALYZER_NUMBER_OBJECT_CONVERSION = YES_AGGRESSIVE;
				CLANG_CXX_LANGUAGE_STANDARD = "gnu++14";
				CLANG_CXX_LIBRARY = "libc++";
				CLANG_ENABLE_MODULES = YES;
				CLANG_ENABLE_OBJC_ARC = YES;
				CLANG_ENABLE_OBJC_WEAK = YES;
				CLANG_WARN_BLOCK_CAPTURE_AUTORELEASING = YES;
				CLANG_WARN_BOOL_CONVERSION = YES;
				CLANG_WARN_COMMA = YES;
				CLANG_WARN_CONSTANT_CONVERSION = YES;
				CLANG_WARN_DEPRECATED_OBJC_IMPLEMENTATIONS = YES;
				CLANG_WARN_DIRECT_OBJC_ISA_USAGE = YES_ERROR;
				CLANG_WARN_DOCUMENTATION_COMMENTS = YES;
				CLANG_WARN_EMPTY_BODY = YES;
				CLANG_WARN_ENUM_CONVERSION = YES;
				CLANG_WARN_INFINITE_RECURSION = YES;
				CLANG_WARN_INT_CONVERSION = YES;
				CLANG_WARN_NON_LITERAL_NULL_CONVERSION = YES;
				CLANG_WARN_OBJC_IMPLICIT_RETAIN_SELF = YES;
				CLANG_WARN_OBJC_LITERAL_CONVERSION = YES;
				CLANG_WARN_OBJC_ROOT_CLASS = YES_ERROR;
				CLANG_WARN_RANGE_LOOP_ANALYSIS = YES;
				CLANG_WARN_STRICT_PROTOTYPES = YES;
				CLANG_WARN_SUSPICIOUS_MOVE = YES;
				CLANG_WARN_UNGUARDED_AVAILABILITY = YES_AGGRESSIVE;
				CLANG_WARN_UNREACHABLE_CODE = YES;
				CLANG_WARN__DUPLICATE_METHOD_MATCH = YES;
				CODE_SIGN_IDENTITY = "-";
				COPY_PHASE_STRIP = NO;
				DEBUG_INFORMATION_FORMAT = "dwarf-with-dsym";
				ENABLE_NS_ASSERTIONS = NO;
				ENABLE_STRICT_OBJC_MSGSEND = YES;
				GCC_C_LANGUAGE_STANDARD = gnu11;
				GCC_NO_COMMON_BLOCKS = YES;
				GCC_WARN_64_TO_32_BIT_CONVERSION = YES;
				GCC_WARN_ABOUT_RETURN_TYPE = YES_ERROR;
				GCC_WARN_UNDECLARED_SELECTOR = YES;
				GCC_WARN_UNINITIALIZED_AUTOS = YES_AGGRESSIVE;
				GCC_WARN_UNUSED_FUNCTION = YES;
				GCC_WARN_UNUSED_VARIABLE = YES;
				MACOSX_DEPLOYMENT_TARGET = 10.13;
				MTL_ENABLE_DEBUG_INFO = NO;
				SDKROOT = macosx;
			};
			name = Release;
		};
		BA0F15C7225D23530029A250 /* Debug */ = {
			isa = XCBuildConfiguration;
			buildSettings = {
				ASSETCATALOG_COMPILER_APPICON_NAME = AppIcon;
				CODE_SIGN_ENTITLEMENTS = RectangleDay2/RectangleDay2.entitlements;
				CODE_SIGN_STYLE = Automatic;
				COMBINE_HIDPI_IMAGES = YES;
				INFOPLIST_FILE = RectangleDay2/Info.plist;
				LD_RUNPATH_SEARCH_PATHS = (
					"$(inherited)",
					"@executable_path/../Frameworks",
				);
				PRODUCT_BUNDLE_IDENTIFIER = com.ep.RectangleDay2;
				PRODUCT_NAME = "$(TARGET_NAME)";
			};
			name = Debug;
		};
		BA0F15C8225D23530029A250 /* Release */ = {
			isa = XCBuildConfiguration;
			buildSettings = {
				ASSETCATALOG_COMPILER_APPICON_NAME = AppIcon;
				CODE_SIGN_ENTITLEMENTS = RectangleDay2/RectangleDay2.entitlements;
				CODE_SIGN_STYLE = Automatic;
				COMBINE_HIDPI_IMAGES = YES;
				INFOPLIST_FILE = RectangleDay2/Info.plist;
				LD_RUNPATH_SEARCH_PATHS = (
					"$(inherited)",
					"@executable_path/../Frameworks",
				);
				PRODUCT_BUNDLE_IDENTIFIER = com.ep.RectangleDay2;
				PRODUCT_NAME = "$(TARGET_NAME)";
			};
			name = Release;
		};
/* End XCBuildConfiguration section */

/* Begin XCConfigurationList section */
		BA0F15B0225D23510029A250 /* Build configuration list for PBXProject "RectangleDay2" */ = {
			isa = XCConfigurationList;
			buildConfigurations = (
				BA0F15C4225D23530029A250 /* Debug */,
				BA0F15C5225D23530029A250 /* Release */,
			);
			defaultConfigurationIsVisible = 0;
			defaultConfigurationName = Release;
		};
		BA0F15C6225D23530029A250 /* Build configuration list for PBXNativeTarget "RectangleDay2" */ = {
			isa = XCConfigurationList;
			buildConfigurations = (
				BA0F15C7225D23530029A250 /* Debug */,
				BA0F15C8225D23530029A250 /* Release */,
			);
			defaultConfigurationIsVisible = 0;
			defaultConfigurationName = Release;
		};
/* End XCConfigurationList section */
	};
	rootObject = BA0F15AD225D23510029A250 /* Project object */;
}
