// !$*UTF8*$!
{
	archiveVersion = 1;
	classes = {
	};
	objectVersion = 50;
	objects = {

/* Begin PBXBuildFile section */
		BAB3C19E225CC33A00BA81C1 /* AppDelegate.m in Sources */ = {isa = PBXBuildFile; fileRef = BAB3C19D225CC33A00BA81C1 /* AppDelegate.m */; };
		BAB3C1A0225CC33E00BA81C1 /* Assets.xcassets in Resources */ = {isa = PBXBuildFile; fileRef = BAB3C19F225CC33E00BA81C1 /* Assets.xcassets */; };
		BAB3C1A3225CC33E00BA81C1 /* MainMenu.xib in Resources */ = {isa = PBXBuildFile; fileRef = BAB3C1A1225CC33E00BA81C1 /* MainMenu.xib */; };
		BAB3C1A6225CC33E00BA81C1 /* main.m in Sources */ = {isa = PBXBuildFile; fileRef = BAB3C1A5225CC33E00BA81C1 /* main.m */; };
		BAB3C1AF225CC35B00BA81C1 /* MyRect.m in Sources */ = {isa = PBXBuildFile; fileRef = BAB3C1AE225CC35B00BA81C1 /* MyRect.m */; };
/* End PBXBuildFile section */

/* Begin PBXFileReference section */
		BAB3C199225CC33A00BA81C1 /* RectangleDemo.app */ = {isa = PBXFileReference; explicitFileType = wrapper.application; includeInIndex = 0; path = RectangleDemo.app; sourceTree = BUILT_PRODUCTS_DIR; };
		BAB3C19C225CC33A00BA81C1 /* AppDelegate.h */ = {isa = PBXFileReference; lastKnownFileType = sourcecode.c.h; path = AppDelegate.h; sourceTree = "<group>"; };
		BAB3C19D225CC33A00BA81C1 /* AppDelegate.m */ = {isa = PBXFileReference; lastKnownFileType = sourcecode.c.objc; path = AppDelegate.m; sourceTree = "<group>"; };
		BAB3C19F225CC33E00BA81C1 /* Assets.xcassets */ = {isa = PBXFileReference; lastKnownFileType = folder.assetcatalog; path = Assets.xcassets; sourceTree = "<group>"; };
		BAB3C1A2225CC33E00BA81C1 /* Base */ = {isa = PBXFileReference; lastKnownFileType = file.xib; name = Base; path = Base.lproj/MainMenu.xib; sourceTree = "<group>"; };
		BAB3C1A4225CC33E00BA81C1 /* Info.plist */ = {isa = PBXFileReference; lastKnownFileType = text.plist.xml; path = Info.plist; sourceTree = "<group>"; };
		BAB3C1A5225CC33E00BA81C1 /* main.m */ = {isa = PBXFileReference; lastKnownFileType = sourcecode.c.objc; path = main.m; sourceTree = "<group>"; };
		BAB3C1A7225CC33E00BA81C1 /* RectangleDemo.entitlements */ = {isa = PBXFileReference; lastKnownFileType = text.plist.entitlements; path = RectangleDemo.entitlements; sourceTree = "<group>"; };
		BAB3C1AD225CC35B00BA81C1 /* MyRect.h */ = {isa = PBXFileReference; lastKnownFileType = sourcecode.c.h; path = MyRect.h; sourceTree = "<group>"; };
		BAB3C1AE225CC35B00BA81C1 /* MyRect.m */ = {isa = PBXFileReference; lastKnownFileType = sourcecode.c.objc; path = MyRect.m; sourceTree = "<group>"; };
/* End PBXFileReference section */

/* Begin PBXFrameworksBuildPhase section */
		BAB3C196225CC33A00BA81C1 /* Frameworks */ = {
			isa = PBXFrameworksBuildPhase;
			buildActionMask = 2147483647;
			files = (
			);
			runOnlyForDeploymentPostprocessing = 0;
		};
/* End PBXFrameworksBuildPhase section */

/* Begin PBXGroup section */
		BAB3C190225CC33A00BA81C1 = {
			isa = PBXGroup;
			children = (
				BAB3C19B225CC33A00BA81C1 /* RectangleDemo */,
				BAB3C19A225CC33A00BA81C1 /* Products */,
			);
			sourceTree = "<group>";
		};
		BAB3C19A225CC33A00BA81C1 /* Products */ = {
			isa = PBXGroup;
			children = (
				BAB3C199225CC33A00BA81C1 /* RectangleDemo.app */,
			);
			name = Products;
			sourceTree = "<group>";
		};
		BAB3C19B225CC33A00BA81C1 /* RectangleDemo */ = {
			isa = PBXGroup;
			children = (
				BAB3C1AE225CC35B00BA81C1 /* MyRect.m */,
				BAB3C1AD225CC35B00BA81C1 /* MyRect.h */,
				BAB3C19C225CC33A00BA81C1 /* AppDelegate.h */,
				BAB3C19D225CC33A00BA81C1 /* AppDelegate.m */,
				BAB3C19F225CC33E00BA81C1 /* Assets.xcassets */,
				BAB3C1A1225CC33E00BA81C1 /* MainMenu.xib */,
				BAB3C1A4225CC33E00BA81C1 /* Info.plist */,
				BAB3C1A5225CC33E00BA81C1 /* main.m */,
				BAB3C1A7225CC33E00BA81C1 /* RectangleDemo.entitlements */,
			);
			path = RectangleDemo;
			sourceTree = "<group>";
		};
/* End PBXGroup section */

/* Begin PBXNativeTarget section */
		BAB3C198225CC33A00BA81C1 /* RectangleDemo */ = {
			isa = PBXNativeTarget;
			buildConfigurationList = BAB3C1AA225CC33E00BA81C1 /* Build configuration list for PBXNativeTarget "RectangleDemo" */;
			buildPhases = (
				BAB3C195225CC33A00BA81C1 /* Sources */,
				BAB3C196225CC33A00BA81C1 /* Frameworks */,
				BAB3C197225CC33A00BA81C1 /* Resources */,
			);
			buildRules = (
			);
			dependencies = (
			);
			name = RectangleDemo;
			productName = RectangleDemo;
			productReference = BAB3C199225CC33A00BA81C1 /* RectangleDemo.app */;
			productType = "com.apple.product-type.application";
		};
/* End PBXNativeTarget section */

/* Begin PBXProject section */
		BAB3C191225CC33A00BA81C1 /* Project object */ = {
			isa = PBXProject;
			attributes = {
				LastUpgradeCheck = 0930;
				ORGANIZATIONNAME = "Esraa And Passant";
				TargetAttributes = {
					BAB3C198225CC33A00BA81C1 = {
						CreatedOnToolsVersion = 9.3;
					};
				};
			};
			buildConfigurationList = BAB3C194225CC33A00BA81C1 /* Build configuration list for PBXProject "RectangleDemo" */;
			compatibilityVersion = "Xcode 9.3";
			developmentRegion = en;
			hasScannedForEncodings = 0;
			knownRegions = (
				en,
				Base,
			);
			mainGroup = BAB3C190225CC33A00BA81C1;
			productRefGroup = BAB3C19A225CC33A00BA81C1 /* Products */;
			projectDirPath = "";
			projectRoot = "";
			targets = (
				BAB3C198225CC33A00BA81C1 /* RectangleDemo */,
			);
		};
/* End PBXProject section */

/* Begin PBXResourcesBuildPhase section */
		BAB3C197225CC33A00BA81C1 /* Resources */ = {
			isa = PBXResourcesBuildPhase;
			buildActionMask = 2147483647;
			files = (
				BAB3C1A0225CC33E00BA81C1 /* Assets.xcassets in Resources */,
				BAB3C1A3225CC33E00BA81C1 /* MainMenu.xib in Resources */,
			);
			runOnlyForDeploymentPostprocessing = 0;
		};
/* End PBXResourcesBuildPhase section */

/* Begin PBXSourcesBuildPhase section */
		BAB3C195225CC33A00BA81C1 /* Sources */ = {
			isa = PBXSourcesBuildPhase;
			buildActionMask = 2147483647;
			files = (
				BAB3C1AF225CC35B00BA81C1 /* MyRect.m in Sources */,
				BAB3C1A6225CC33E00BA81C1 /* main.m in Sources */,
				BAB3C19E225CC33A00BA81C1 /* AppDelegate.m in Sources */,
			);
			runOnlyForDeploymentPostprocessing = 0;
		};
/* End PBXSourcesBuildPhase section */

/* Begin PBXVariantGroup section */
		BAB3C1A1225CC33E00BA81C1 /* MainMenu.xib */ = {
			isa = PBXVariantGroup;
			children = (
				BAB3C1A2225CC33E00BA81C1 /* Base */,
			);
			name = MainMenu.xib;
			sourceTree = "<group>";
		};
/* End PBXVariantGroup section */

/* Begin XCBuildConfiguration section */
		BAB3C1A8225CC33E00BA81C1 /* Debug */ = {
			isa = XCBuildConfiguration;
			buildSettings = {
				ALWAYS_SEARCH_USER_PATHS = NO;
				CLANG_ANALYZER_NONNULL = YES;
				CLANG_ANALYZER_NUMBER_OBJECT_CONVERSION = YES_AGGRESSIVE;
				CLANG_CXX_LANGUAGE_STANDARD = "gnu++14";
				CLANG_CXX_LIBRARY = "libc++";
				CLANG_ENABLE_MODULES = YES;
				CLANG_ENABLE_OBJC_ARC = YES;
				CLANG_ENABLE_OBJC_WEAK = YES;
				CLANG_WARN_BLOCK_CAPTURE_AUTORELEASING = YES;
				CLANG_WARN_BOOL_CONVERSION = YES;
				CLANG_WARN_COMMA = YES;
				CLANG_WARN_CONSTANT_CONVERSION = YES;
				CLANG_WARN_DEPRECATED_OBJC_IMPLEMENTATIONS = YES;
				CLANG_WARN_DIRECT_OBJC_ISA_USAGE = YES_ERROR;
				CLANG_WARN_DOCUMENTATION_COMMENTS = YES;
				CLANG_WARN_EMPTY_BODY = YES;
				CLANG_WARN_ENUM_CONVERSION = YES;
				CLANG_WARN_INFINITE_RECURSION = YES;
				CLANG_WARN_INT_CONVERSION = YES;
				CLANG_WARN_NON_LITERAL_NULL_CONVERSION = YES;
				CLANG_WARN_OBJC_IMPLICIT_RETAIN_SELF = YES;
				CLANG_WARN_OBJC_LITERAL_CONVERSION = YES;
				CLANG_WARN_OBJC_ROOT_CLASS = YES_ERROR;
				CLANG_WARN_RANGE_LOOP_ANALYSIS = YES;
				CLANG_WARN_STRICT_PROTOTYPES = YES;
				CLANG_WARN_SUSPICIOUS_MOVE = YES;
				CLANG_WARN_UNGUARDED_AVAILABILITY = YES_AGGRESSIVE;
				CLANG_WARN_UNREACHABLE_CODE = YES;
				CLANG_WARN__DUPLICATE_METHOD_MATCH = YES;
				CODE_SIGN_IDENTITY = "-";
				COPY_PHASE_STRIP = NO;
				DEBUG_INFORMATION_FORMAT = dwarf;
				ENABLE_STRICT_OBJC_MSGSEND = YES;
				ENABLE_TESTABILITY = YES;
				GCC_C_LANGUAGE_STANDARD = gnu11;
				GCC_DYNAMIC_NO_PIC = NO;
				GCC_NO_COMMON_BLOCKS = YES;
				GCC_OPTIMIZATION_LEVEL = 0;
				GCC_PREPROCESSOR_DEFINITIONS = (
					"DEBUG=1",
					"$(inherited)",
				);
				GCC_WARN_64_TO_32_BIT_CONVERSION = YES;
				GCC_WARN_ABOUT_RETURN_TYPE = YES_ERROR;
				GCC_WARN_UNDECLARED_SELECTOR = YES;
				GCC_WARN_UNINITIALIZED_AUTOS = YES_AGGRESSIVE;
				GCC_WARN_UNUSED_FUNCTION = YES;
				GCC_WARN_UNUSED_VARIABLE = YES;
				MACOSX_DEPLOYMENT_TARGET = 10.13;
				MTL_ENABLE_DEBUG_INFO = YES;
				ONLY_ACTIVE_ARCH = YES;
				SDKROOT = macosx;
			};
			name = Debug;
		};
		BAB3C1A9225CC33E00BA81C1 /* Release */ = {
			isa = XCBuildConfiguration;
			buildSettings = {
				ALWAYS_SEARCH_USER_PATHS = NO;
				CLANG_ANALYZER_NONNULL = YES;
				CLANG_ANALYZER_NUMBER_OBJECT_CONVERSION = YES_AGGRESSIVE;
				CLANG_CXX_LANGUAGE_STANDARD = "gnu++14";
				CLANG_CXX_LIBRARY = "libc++";
				CLANG_ENABLE_MODULES = YES;
				CLANG_ENABLE_OBJC_ARC = YES;
				CLANG_ENABLE_OBJC_WEAK = YES;
				CLANG_WARN_BLOCK_CAPTURE_AUTORELEASING = YES;
				CLANG_WARN_BOOL_CONVERSION = YES;
				CLANG_WARN_COMMA = YES;
				CLANG_WARN_CONSTANT_CONVERSION = YES;
				CLANG_WARN_DEPRECATED_OBJC_IMPLEMENTATIONS = YES;
				CLANG_WARN_DIRECT_OBJC_ISA_USAGE = YES_ERROR;
				CLANG_WARN_DOCUMENTATION_COMMENTS = YES;
				CLANG_WARN_EMPTY_BODY = YES;
				CLANG_WARN_ENUM_CONVERSION = YES;
				CLANG_WARN_INFINITE_RECURSION = YES;
				CLANG_WARN_INT_CONVERSION = YES;
				CLANG_WARN_NON_LITERAL_NULL_CONVERSION = YES;
				CLANG_WARN_OBJC_IMPLICIT_RETAIN_SELF = YES;
				CLANG_WARN_OBJC_LITERAL_CONVERSION = YES;
				CLANG_WARN_OBJC_ROOT_CLASS = YES_ERROR;
				CLANG_WARN_RANGE_LOOP_ANALYSIS = YES;
				CLANG_WARN_STRICT_PROTOTYPES = YES;
				CLANG_WARN_SUSPICIOUS_MOVE = YES;
				CLANG_WARN_UNGUARDED_AVAILABILITY = YES_AGGRESSIVE;
				CLANG_WARN_UNREACHABLE_CODE = YES;
				CLANG_WARN__DUPLICATE_METHOD_MATCH = YES;
				CODE_SIGN_IDENTITY = "-";
				COPY_PHASE_STRIP = NO;
				DEBUG_INFORMATION_FORMAT = "dwarf-with-dsym";
				ENABLE_NS_ASSERTIONS = NO;
				ENABLE_STRICT_OBJC_MSGSEND = YES;
				GCC_C_LANGUAGE_STANDARD = gnu11;
				GCC_NO_COMMON_BLOCKS = YES;
				GCC_WARN_64_TO_32_BIT_CONVERSION = YES;
				GCC_WARN_ABOUT_RETURN_TYPE = YES_ERROR;
				GCC_WARN_UNDECLARED_SELECTOR = YES;
				GCC_WARN_UNINITIALIZED_AUTOS = YES_AGGRESSIVE;
				GCC_WARN_UNUSED_FUNCTION = YES;
				GCC_WARN_UNUSED_VARIABLE = YES;
				MACOSX_DEPLOYMENT_TARGET = 10.13;
				MTL_ENABLE_DEBUG_INFO = NO;
				SDKROOT = macosx;
			};
			name = Release;
		};
		BAB3C1AB225CC33E00BA81C1 /* Debug */ = {
			isa = XCBuildConfiguration;
			buildSettings = {
				ASSETCATALOG_COMPILER_APPICON_NAME = AppIcon;
				CODE_SIGN_ENTITLEMENTS = RectangleDemo/RectangleDemo.entitlements;
				CODE_SIGN_STYLE = Automatic;
				COMBINE_HIDPI_IMAGES = YES;
				INFOPLIST_FILE = RectangleDemo/Info.plist;
				LD_RUNPATH_SEARCH_PATHS = (
					"$(inherited)",
					"@executable_path/../Frameworks",
				);
				PRODUCT_BUNDLE_IDENTIFIER = com.ep.RectangleDemo;
				PRODUCT_NAME = "$(TARGET_NAME)";
			};
			name = Debug;
		};
		BAB3C1AC225CC33E00BA81C1 /* Release */ = {
			isa = XCBuildConfiguration;
			buildSettings = {
				ASSETCATALOG_COMPILER_APPICON_NAME = AppIcon;
				CODE_SIGN_ENTITLEMENTS = RectangleDemo/RectangleDemo.entitlements;
				CODE_SIGN_STYLE = Automatic;
				COMBINE_HIDPI_IMAGES = YES;
				INFOPLIST_FILE = RectangleDemo/Info.plist;
				LD_RUNPATH_SEARCH_PATHS = (
					"$(inherited)",
					"@executable_path/../Frameworks",
				);
				PRODUCT_BUNDLE_IDENTIFIER = com.ep.RectangleDemo;
				PRODUCT_NAME = "$(TARGET_NAME)";
			};
			name = Release;
		};
/* End XCBuildConfiguration section */

/* Begin XCConfigurationList section */
		BAB3C194225CC33A00BA81C1 /* Build configuration list for PBXProject "RectangleDemo" */ = {
			isa = XCConfigurationList;
			buildConfigurations = (
				BAB3C1A8225CC33E00BA81C1 /* Debug */,
				BAB3C1A9225CC33E00BA81C1 /* Release */,
			);
			defaultConfigurationIsVisible = 0;
			defaultConfigurationName = Release;
		};
		BAB3C1AA225CC33E00BA81C1 /* Build configuration list for PBXNativeTarget "RectangleDemo" */ = {
			isa = XCConfigurationList;
			buildConfigurations = (
				BAB3C1AB225CC33E00BA81C1 /* Debug */,
				BAB3C1AC225CC33E00BA81C1 /* Release */,
			);
			defaultConfigurationIsVisible = 0;
			defaultConfigurationName = Release;
		};
/* End XCConfigurationList section */
	};
	rootObject = BAB3C191225CC33A00BA81C1 /* Project object */;
}
